
Microsoft Visual Studio Solution File, Format Version 12.00
# Visual Studio 2013
VisualStudioVersion = 12.0.31101.0
MinimumVisualStudioVersion = 10.0.40219.1
Project("{FAE04EC0-301F-11D3-BF4B-00C04F79EFBC}") = "SmartGroceryApi", "SmartGroceryApi\SmartGroceryApi.csproj", "{5F126843-6840-4A2F-9524-74FECE7937F5}"
EndProject
Project("{FAE04EC0-301F-11D3-BF4B-00C04F79EFBC}") = "SmartGroceryApiLibrary", "SmartGroceryApiLibrary\SmartGroceryApiLibrary.csproj", "{F025291F-97B7-443C-A23E-4B49305E50AF}"
EndProject
Global
	GlobalSection(SolutionConfigurationPlatforms) = preSolution
		Debug|Any CPU = Debug|Any CPU
		Release|Any CPU = Release|Any CPU
	EndGlobalSection
	GlobalSection(ProjectConfigurationPlatforms) = postSolution
		{5F126843-6840-4A2F-9524-74FECE7937F5}.Debug|Any CPU.ActiveCfg = Debug|Any CPU
		{5F126843-6840-4A2F-9524-74FECE7937F5}.Debug|Any CPU.Build.0 = Debug|Any CPU
		{5F126843-6840-4A2F-9524-74FECE7937F5}.Release|Any CPU.ActiveCfg = Release|Any CPU
		{5F126843-6840-4A2F-9524-74FECE7937F5}.Release|Any CPU.Build.0 = Release|Any CPU
		{F025291F-97B7-443C-A23E-4B49305E50AF}.Debug|Any CPU.ActiveCfg = Debug|Any CPU
		{F025291F-97B7-443C-A23E-4B49305E50AF}.Debug|Any CPU.Build.0 = Debug|Any CPU
		{F025291F-97B7-443C-A23E-4B49305E50AF}.Release|Any CPU.ActiveCfg = Release|Any CPU
		{F025291F-97B7-443C-A23E-4B49305E50AF}.Release|Any CPU.Build.0 = Release|Any CPU
	EndGlobalSection
	GlobalSection(SolutionProperties) = preSolution
		HideSolutionNode = FALSE
	EndGlobalSection
EndGlobal
